// !$*UTF8*$!
{
	archiveVersion = 1;
	classes = {
	};
	objectVersion = 56;
	objects = {

/* Begin PBXBuildFile section */
		4058B3942C24347000A40B28 /* DataPersistenceManager.swift in Sources */ = {isa = PBXBuildFile; fileRef = 4058B3932C24347000A40B28 /* DataPersistenceManager.swift */; };
		40E016EB2C1E9E8A00AC6461 /* AppDelegate.swift in Sources */ = {isa = PBXBuildFile; fileRef = 40E016EA2C1E9E8A00AC6461 /* AppDelegate.swift */; };
		40E016ED2C1E9E8A00AC6461 /* SceneDelegate.swift in Sources */ = {isa = PBXBuildFile; fileRef = 40E016EC2C1E9E8A00AC6461 /* SceneDelegate.swift */; };
		40E016EF2C1E9E8A00AC6461 /* MainTabBarViewController.swift in Sources */ = {isa = PBXBuildFile; fileRef = 40E016EE2C1E9E8A00AC6461 /* MainTabBarViewController.swift */; };
		40E016F22C1E9E8A00AC6461 /* Main.storyboard in Resources */ = {isa = PBXBuildFile; fileRef = 40E016F02C1E9E8A00AC6461 /* Main.storyboard */; };
		40E016F42C1E9E8B00AC6461 /* Assets.xcassets in Resources */ = {isa = PBXBuildFile; fileRef = 40E016F32C1E9E8B00AC6461 /* Assets.xcassets */; };
		40E016F72C1E9E8B00AC6461 /* LaunchScreen.storyboard in Resources */ = {isa = PBXBuildFile; fileRef = 40E016F52C1E9E8B00AC6461 /* LaunchScreen.storyboard */; };
		40E017022C1EA11000AC6461 /* HomeViewController.swift in Sources */ = {isa = PBXBuildFile; fileRef = 40E017012C1EA11000AC6461 /* HomeViewController.swift */; };
		40E017042C1EA13C00AC6461 /* UpcomingViewController.swift in Sources */ = {isa = PBXBuildFile; fileRef = 40E017032C1EA13C00AC6461 /* UpcomingViewController.swift */; };
		40E017062C1EA16200AC6461 /* SearchViewController.swift in Sources */ = {isa = PBXBuildFile; fileRef = 40E017052C1EA16200AC6461 /* SearchViewController.swift */; };
		40E017082C1EA18200AC6461 /* DownloadsViewController.swift in Sources */ = {isa = PBXBuildFile; fileRef = 40E017072C1EA18200AC6461 /* DownloadsViewController.swift */; };
		40E0170F2C1EAA4A00AC6461 /* CollectionViewTableViewCell.swift in Sources */ = {isa = PBXBuildFile; fileRef = 40E0170E2C1EAA4A00AC6461 /* CollectionViewTableViewCell.swift */; };
		40E017112C1EB92900AC6461 /* HeroHeaderUiView.swift in Sources */ = {isa = PBXBuildFile; fileRef = 40E017102C1EB92900AC6461 /* HeroHeaderUiView.swift */; };
		40E017132C1F035F00AC6461 /* APICaller.swift in Sources */ = {isa = PBXBuildFile; fileRef = 40E017122C1F035F00AC6461 /* APICaller.swift */; };
		40E017152C2013DD00AC6461 /* Extensions.swift in Sources */ = {isa = PBXBuildFile; fileRef = 40E017142C2013DD00AC6461 /* Extensions.swift */; };
		40E017172C20187000AC6461 /* Title.swift in Sources */ = {isa = PBXBuildFile; fileRef = 40E017162C20187000AC6461 /* Title.swift */; };
		40E0171D2C2025FD00AC6461 /* TitleCollectionViewCell.swift in Sources */ = {isa = PBXBuildFile; fileRef = 40E0171C2C2025FD00AC6461 /* TitleCollectionViewCell.swift */; };
		40E017202C20278000AC6461 /* SDWebImage in Frameworks */ = {isa = PBXBuildFile; productRef = 40E0171F2C20278000AC6461 /* SDWebImage */; };
		40E017222C20278000AC6461 /* SDWebImageMapKit in Frameworks */ = {isa = PBXBuildFile; productRef = 40E017212C20278000AC6461 /* SDWebImageMapKit */; };
		40E017242C204BFF00AC6461 /* TitleTableViewCell.swift in Sources */ = {isa = PBXBuildFile; fileRef = 40E017232C204BFF00AC6461 /* TitleTableViewCell.swift */; };
		40E017262C204EF000AC6461 /* TitleViewModel.swift in Sources */ = {isa = PBXBuildFile; fileRef = 40E017252C204EF000AC6461 /* TitleViewModel.swift */; };
		40E017282C2059ED00AC6461 /* SearchResultsViewController.swift in Sources */ = {isa = PBXBuildFile; fileRef = 40E017272C2059ED00AC6461 /* SearchResultsViewController.swift */; };
		40E118B92C21669700EF3499 /* YoutubeSearchResponse.swift in Sources */ = {isa = PBXBuildFile; fileRef = 40E118B82C21669700EF3499 /* YoutubeSearchResponse.swift */; };
		40E118BB2C21865F00EF3499 /* TitlePreviewViewController.swift in Sources */ = {isa = PBXBuildFile; fileRef = 40E118BA2C21865F00EF3499 /* TitlePreviewViewController.swift */; };
		40E118BD2C2186BD00EF3499 /* TitlePreviewViewModel.swift in Sources */ = {isa = PBXBuildFile; fileRef = 40E118BC2C2186BD00EF3499 /* TitlePreviewViewModel.swift */; };
		40E8AA882C22E93300F4384B /* NetflixCloneModel.xcdatamodeld in Sources */ = {isa = PBXBuildFile; fileRef = 40E8AA862C22E93300F4384B /* NetflixCloneModel.xcdatamodeld */; };
/* End PBXBuildFile section */

/* Begin PBXFileReference section */
		4058B3932C24347000A40B28 /* DataPersistenceManager.swift */ = {isa = PBXFileReference; lastKnownFileType = sourcecode.swift; path = DataPersistenceManager.swift; sourceTree = "<group>"; };
		40E016E72C1E9E8A00AC6461 /* Netflix Clone.app */ = {isa = PBXFileReference; explicitFileType = wrapper.application; includeInIndex = 0; path = "Netflix Clone.app"; sourceTree = BUILT_PRODUCTS_DIR; };
		40E016EA2C1E9E8A00AC6461 /* AppDelegate.swift */ = {isa = PBXFileReference; lastKnownFileType = sourcecode.swift; path = AppDelegate.swift; sourceTree = "<group>"; };
		40E016EC2C1E9E8A00AC6461 /* SceneDelegate.swift */ = {isa = PBXFileReference; lastKnownFileType = sourcecode.swift; path = SceneDelegate.swift; sourceTree = "<group>"; };
		40E016EE2C1E9E8A00AC6461 /* MainTabBarViewController.swift */ = {isa = PBXFileReference; lastKnownFileType = sourcecode.swift; path = MainTabBarViewController.swift; sourceTree = "<group>"; };
		40E016F12C1E9E8A00AC6461 /* Base */ = {isa = PBXFileReference; lastKnownFileType = file.storyboard; name = Base; path = Base.lproj/Main.storyboard; sourceTree = "<group>"; };
		40E016F32C1E9E8B00AC6461 /* Assets.xcassets */ = {isa = PBXFileReference; lastKnownFileType = folder.assetcatalog; path = Assets.xcassets; sourceTree = "<group>"; };
		40E016F62C1E9E8B00AC6461 /* Base */ = {isa = PBXFileReference; lastKnownFileType = file.storyboard; name = Base; path = Base.lproj/LaunchScreen.storyboard; sourceTree = "<group>"; };
		40E016F82C1E9E8B00AC6461 /* Info.plist */ = {isa = PBXFileReference; lastKnownFileType = text.plist.xml; path = Info.plist; sourceTree = "<group>"; };
		40E017012C1EA11000AC6461 /* HomeViewController.swift */ = {isa = PBXFileReference; lastKnownFileType = sourcecode.swift; path = HomeViewController.swift; sourceTree = "<group>"; };
		40E017032C1EA13C00AC6461 /* UpcomingViewController.swift */ = {isa = PBXFileReference; lastKnownFileType = sourcecode.swift; path = UpcomingViewController.swift; sourceTree = "<group>"; };
		40E017052C1EA16200AC6461 /* SearchViewController.swift */ = {isa = PBXFileReference; lastKnownFileType = sourcecode.swift; path = SearchViewController.swift; sourceTree = "<group>"; };
		40E017072C1EA18200AC6461 /* DownloadsViewController.swift */ = {isa = PBXFileReference; lastKnownFileType = sourcecode.swift; path = DownloadsViewController.swift; sourceTree = "<group>"; };
		40E0170E2C1EAA4A00AC6461 /* CollectionViewTableViewCell.swift */ = {isa = PBXFileReference; lastKnownFileType = sourcecode.swift; path = CollectionViewTableViewCell.swift; sourceTree = "<group>"; };
		40E017102C1EB92900AC6461 /* HeroHeaderUiView.swift */ = {isa = PBXFileReference; lastKnownFileType = sourcecode.swift; path = HeroHeaderUiView.swift; sourceTree = "<group>"; };
		40E017122C1F035F00AC6461 /* APICaller.swift */ = {isa = PBXFileReference; lastKnownFileType = sourcecode.swift; path = APICaller.swift; sourceTree = "<group>"; };
		40E017142C2013DD00AC6461 /* Extensions.swift */ = {isa = PBXFileReference; lastKnownFileType = sourcecode.swift; path = Extensions.swift; sourceTree = "<group>"; };
		40E017162C20187000AC6461 /* Title.swift */ = {isa = PBXFileReference; lastKnownFileType = sourcecode.swift; path = Title.swift; sourceTree = "<group>"; };
		40E0171C2C2025FD00AC6461 /* TitleCollectionViewCell.swift */ = {isa = PBXFileReference; lastKnownFileType = sourcecode.swift; path = TitleCollectionViewCell.swift; sourceTree = "<group>"; };
		40E017232C204BFF00AC6461 /* TitleTableViewCell.swift */ = {isa = PBXFileReference; lastKnownFileType = sourcecode.swift; path = TitleTableViewCell.swift; sourceTree = "<group>"; };
		40E017252C204EF000AC6461 /* TitleViewModel.swift */ = {isa = PBXFileReference; lastKnownFileType = sourcecode.swift; path = TitleViewModel.swift; sourceTree = "<group>"; };
		40E017272C2059ED00AC6461 /* SearchResultsViewController.swift */ = {isa = PBXFileReference; lastKnownFileType = sourcecode.swift; path = SearchResultsViewController.swift; sourceTree = "<group>"; };
		40E118B82C21669700EF3499 /* YoutubeSearchResponse.swift */ = {isa = PBXFileReference; lastKnownFileType = sourcecode.swift; path = YoutubeSearchResponse.swift; sourceTree = "<group>"; };
		40E118BA2C21865F00EF3499 /* TitlePreviewViewController.swift */ = {isa = PBXFileReference; lastKnownFileType = sourcecode.swift; path = TitlePreviewViewController.swift; sourceTree = "<group>"; };
		40E118BC2C2186BD00EF3499 /* TitlePreviewViewModel.swift */ = {isa = PBXFileReference; lastKnownFileType = sourcecode.swift; path = TitlePreviewViewModel.swift; sourceTree = "<group>"; };
		40E8AA872C22E93300F4384B /* NetflixCloneModel.xcdatamodel */ = {isa = PBXFileReference; lastKnownFileType = wrapper.xcdatamodel; path = NetflixCloneModel.xcdatamodel; sourceTree = "<group>"; };
/* End PBXFileReference section */

/* Begin PBXFrameworksBuildPhase section */
		40E016E42C1E9E8A00AC6461 /* Frameworks */ = {
			isa = PBXFrameworksBuildPhase;
			buildActionMask = 2147483647;
			files = (
				40E017222C20278000AC6461 /* SDWebImageMapKit in Frameworks */,
				40E017202C20278000AC6461 /* SDWebImage in Frameworks */,
			);
			runOnlyForDeploymentPostprocessing = 0;
		};
/* End PBXFrameworksBuildPhase section */

/* Begin PBXGroup section */
		40E016DE2C1E9E8A00AC6461 = {
			isa = PBXGroup;
			children = (
				40E016E92C1E9E8A00AC6461 /* Netflix Clone */,
				40E016E82C1E9E8A00AC6461 /* Products */,
			);
			sourceTree = "<group>";
		};
		40E016E82C1E9E8A00AC6461 /* Products */ = {
			isa = PBXGroup;
			children = (
				40E016E72C1E9E8A00AC6461 /* Netflix Clone.app */,
			);
			name = Products;
			sourceTree = "<group>";
		};
		40E016E92C1E9E8A00AC6461 /* Netflix Clone */ = {
			isa = PBXGroup;
			children = (
				40E0170D2C1EAA0100AC6461 /* Managers */,
				40E0170C2C1EA9F300AC6461 /* Resources */,
				40E0170B2C1EA9CF00AC6461 /* Models */,
				40E017092C1EA9A400AC6461 /* Views */,
				40E0170A2C1EA9BD00AC6461 /* ViewModels */,
				40E017002C1EA0EC00AC6461 /* Controllers */,
				40E016F02C1E9E8A00AC6461 /* Main.storyboard */,
				40E016F32C1E9E8B00AC6461 /* Assets.xcassets */,
				40E016F52C1E9E8B00AC6461 /* LaunchScreen.storyboard */,
				40E016F82C1E9E8B00AC6461 /* Info.plist */,
				40E8AA862C22E93300F4384B /* NetflixCloneModel.xcdatamodeld */,
			);
			path = "Netflix Clone";
			sourceTree = "<group>";
		};
		40E017002C1EA0EC00AC6461 /* Controllers */ = {
			isa = PBXGroup;
			children = (
				40E0172A2C205A4800AC6461 /* General */,
				40E017292C205A2B00AC6461 /* Core */,
			);
			path = Controllers;
			sourceTree = "<group>";
		};
		40E017092C1EA9A400AC6461 /* Views */ = {
			isa = PBXGroup;
			children = (
				40E0170E2C1EAA4A00AC6461 /* CollectionViewTableViewCell.swift */,
				40E017102C1EB92900AC6461 /* HeroHeaderUiView.swift */,
				40E0171C2C2025FD00AC6461 /* TitleCollectionViewCell.swift */,
				40E017232C204BFF00AC6461 /* TitleTableViewCell.swift */,
			);
			path = Views;
			sourceTree = "<group>";
		};
		40E0170A2C1EA9BD00AC6461 /* ViewModels */ = {
			isa = PBXGroup;
			children = (
				40E017252C204EF000AC6461 /* TitleViewModel.swift */,
				40E118BC2C2186BD00EF3499 /* TitlePreviewViewModel.swift */,
			);
			path = ViewModels;
			sourceTree = "<group>";
		};
		40E0170B2C1EA9CF00AC6461 /* Models */ = {
			isa = PBXGroup;
			children = (
				40E017162C20187000AC6461 /* Title.swift */,
				40E118B82C21669700EF3499 /* YoutubeSearchResponse.swift */,
			);
			path = Models;
			sourceTree = "<group>";
		};
		40E0170C2C1EA9F300AC6461 /* Resources */ = {
			isa = PBXGroup;
			children = (
				40E016EA2C1E9E8A00AC6461 /* AppDelegate.swift */,
				40E016EC2C1E9E8A00AC6461 /* SceneDelegate.swift */,
				40E017142C2013DD00AC6461 /* Extensions.swift */,
			);
			path = Resources;
			sourceTree = "<group>";
		};
		40E0170D2C1EAA0100AC6461 /* Managers */ = {
			isa = PBXGroup;
			children = (
				40E017122C1F035F00AC6461 /* APICaller.swift */,
				4058B3932C24347000A40B28 /* DataPersistenceManager.swift */,
			);
			path = Managers;
			sourceTree = "<group>";
		};
		40E017292C205A2B00AC6461 /* Core */ = {
			isa = PBXGroup;
			children = (
				40E016EE2C1E9E8A00AC6461 /* MainTabBarViewController.swift */,
				40E017012C1EA11000AC6461 /* HomeViewController.swift */,
				40E017032C1EA13C00AC6461 /* UpcomingViewController.swift */,
				40E017052C1EA16200AC6461 /* SearchViewController.swift */,
				40E017072C1EA18200AC6461 /* DownloadsViewController.swift */,
			);
			path = Core;
			sourceTree = "<group>";
		};
		40E0172A2C205A4800AC6461 /* General */ = {
			isa = PBXGroup;
			children = (
				40E017272C2059ED00AC6461 /* SearchResultsViewController.swift */,
				40E118BA2C21865F00EF3499 /* TitlePreviewViewController.swift */,
			);
			path = General;
			sourceTree = "<group>";
		};
/* End PBXGroup section */

/* Begin PBXNativeTarget section */
		40E016E62C1E9E8A00AC6461 /* Netflix Clone */ = {
			isa = PBXNativeTarget;
			buildConfigurationList = 40E016FB2C1E9E8B00AC6461 /* Build configuration list for PBXNativeTarget "Netflix Clone" */;
			buildPhases = (
				40E016E32C1E9E8A00AC6461 /* Sources */,
				40E016E42C1E9E8A00AC6461 /* Frameworks */,
				40E016E52C1E9E8A00AC6461 /* Resources */,
			);
			buildRules = (
			);
			dependencies = (
			);
			name = "Netflix Clone";
			packageProductDependencies = (
				40E0171F2C20278000AC6461 /* SDWebImage */,
				40E017212C20278000AC6461 /* SDWebImageMapKit */,
			);
			productName = "Netflix Clone";
			productReference = 40E016E72C1E9E8A00AC6461 /* Netflix Clone.app */;
			productType = "com.apple.product-type.application";
		};
/* End PBXNativeTarget section */

/* Begin PBXProject section */
		40E016DF2C1E9E8A00AC6461 /* Project object */ = {
			isa = PBXProject;
			attributes = {
				BuildIndependentTargetsInParallel = 1;
				LastSwiftUpdateCheck = 1500;
				LastUpgradeCheck = 1500;
				TargetAttributes = {
					40E016E62C1E9E8A00AC6461 = {
						CreatedOnToolsVersion = 15.0;
					};
				};
			};
			buildConfigurationList = 40E016E22C1E9E8A00AC6461 /* Build configuration list for PBXProject "Netflix Clone" */;
			compatibilityVersion = "Xcode 14.0";
			developmentRegion = en;
			hasScannedForEncodings = 0;
			knownRegions = (
				en,
				Base,
			);
			mainGroup = 40E016DE2C1E9E8A00AC6461;
			packageReferences = (
				40E0171E2C20278000AC6461 /* XCRemoteSwiftPackageReference "SDWebImage" */,
			);
			productRefGroup = 40E016E82C1E9E8A00AC6461 /* Products */;
			projectDirPath = "";
			projectRoot = "";
			targets = (
				40E016E62C1E9E8A00AC6461 /* Netflix Clone */,
			);
		};
/* End PBXProject section */

/* Begin PBXResourcesBuildPhase section */
		40E016E52C1E9E8A00AC6461 /* Resources */ = {
			isa = PBXResourcesBuildPhase;
			buildActionMask = 2147483647;
			files = (
				40E016F72C1E9E8B00AC6461 /* LaunchScreen.storyboard in Resources */,
				40E016F42C1E9E8B00AC6461 /* Assets.xcassets in Resources */,
				40E016F22C1E9E8A00AC6461 /* Main.storyboard in Resources */,
			);
			runOnlyForDeploymentPostprocessing = 0;
		};
/* End PBXResourcesBuildPhase section */

/* Begin PBXSourcesBuildPhase section */
		40E016E32C1E9E8A00AC6461 /* Sources */ = {
			isa = PBXSourcesBuildPhase;
			buildActionMask = 2147483647;
			files = (
				40E017242C204BFF00AC6461 /* TitleTableViewCell.swift in Sources */,
				40E017062C1EA16200AC6461 /* SearchViewController.swift in Sources */,
				40E0171D2C2025FD00AC6461 /* TitleCollectionViewCell.swift in Sources */,
				4058B3942C24347000A40B28 /* DataPersistenceManager.swift in Sources */,
				40E016EF2C1E9E8A00AC6461 /* MainTabBarViewController.swift in Sources */,
				40E017172C20187000AC6461 /* Title.swift in Sources */,
				40E0170F2C1EAA4A00AC6461 /* CollectionViewTableViewCell.swift in Sources */,
				40E8AA882C22E93300F4384B /* NetflixCloneModel.xcdatamodeld in Sources */,
				40E017132C1F035F00AC6461 /* APICaller.swift in Sources */,
				40E017082C1EA18200AC6461 /* DownloadsViewController.swift in Sources */,
				40E016EB2C1E9E8A00AC6461 /* AppDelegate.swift in Sources */,
				40E017282C2059ED00AC6461 /* SearchResultsViewController.swift in Sources */,
				40E017112C1EB92900AC6461 /* HeroHeaderUiView.swift in Sources */,
				40E118B92C21669700EF3499 /* YoutubeSearchResponse.swift in Sources */,
				40E016ED2C1E9E8A00AC6461 /* SceneDelegate.swift in Sources */,
				40E118BD2C2186BD00EF3499 /* TitlePreviewViewModel.swift in Sources */,
				40E017042C1EA13C00AC6461 /* UpcomingViewController.swift in Sources */,
				40E118BB2C21865F00EF3499 /* TitlePreviewViewController.swift in Sources */,
				40E017152C2013DD00AC6461 /* Extensions.swift in Sources */,
				40E017022C1EA11000AC6461 /* HomeViewController.swift in Sources */,
				40E017262C204EF000AC6461 /* TitleViewModel.swift in Sources */,
			);
			runOnlyForDeploymentPostprocessing = 0;
		};
/* End PBXSourcesBuildPhase section */

/* Begin PBXVariantGroup section */
		40E016F02C1E9E8A00AC6461 /* Main.storyboard */ = {
			isa = PBXVariantGroup;
			children = (
				40E016F12C1E9E8A00AC6461 /* Base */,
			);
			name = Main.storyboard;
			sourceTree = "<group>";
		};
		40E016F52C1E9E8B00AC6461 /* LaunchScreen.storyboard */ = {
			isa = PBXVariantGroup;
			children = (
				40E016F62C1E9E8B00AC6461 /* Base */,
			);
			name = LaunchScreen.storyboard;
			sourceTree = "<group>";
		};
/* End PBXVariantGroup section */

/* Begin XCBuildConfiguration section */
		40E016F92C1E9E8B00AC6461 /* Debug */ = {
			isa = XCBuildConfiguration;
			buildSettings = {
				ALWAYS_SEARCH_USER_PATHS = NO;
				ASSETCATALOG_COMPILER_GENERATE_SWIFT_ASSET_SYMBOL_EXTENSIONS = YES;
				CLANG_ANALYZER_NONNULL = YES;
				CLANG_ANALYZER_NUMBER_OBJECT_CONVERSION = YES_AGGRESSIVE;
				CLANG_CXX_LANGUAGE_STANDARD = "gnu++20";
				CLANG_ENABLE_MODULES = YES;
				CLANG_ENABLE_OBJC_ARC = YES;
				CLANG_ENABLE_OBJC_WEAK = YES;
				CLANG_WARN_BLOCK_CAPTURE_AUTORELEASING = YES;
				CLANG_WARN_BOOL_CONVERSION = YES;
				CLANG_WARN_COMMA = YES;
				CLANG_WARN_CONSTANT_CONVERSION = YES;
				CLANG_WARN_DEPRECATED_OBJC_IMPLEMENTATIONS = YES;
				CLANG_WARN_DIRECT_OBJC_ISA_USAGE = YES_ERROR;
				CLANG_WARN_DOCUMENTATION_COMMENTS = YES;
				CLANG_WARN_EMPTY_BODY = YES;
				CLANG_WARN_ENUM_CONVERSION = YES;
				CLANG_WARN_INFINITE_RECURSION = YES;
				CLANG_WARN_INT_CONVERSION = YES;
				CLANG_WARN_NON_LITERAL_NULL_CONVERSION = YES;
				CLANG_WARN_OBJC_IMPLICIT_RETAIN_SELF = YES;
				CLANG_WARN_OBJC_LITERAL_CONVERSION = YES;
				CLANG_WARN_OBJC_ROOT_CLASS = YES_ERROR;
				CLANG_WARN_QUOTED_INCLUDE_IN_FRAMEWORK_HEADER = YES;
				CLANG_WARN_RANGE_LOOP_ANALYSIS = YES;
				CLANG_WARN_STRICT_PROTOTYPES = YES;
				CLANG_WARN_SUSPICIOUS_MOVE = YES;
				CLANG_WARN_UNGUARDED_AVAILABILITY = YES_AGGRESSIVE;
				CLANG_WARN_UNREACHABLE_CODE = YES;
				CLANG_WARN__DUPLICATE_METHOD_MATCH = YES;
				COPY_PHASE_STRIP = NO;
				DEBUG_INFORMATION_FORMAT = dwarf;
				ENABLE_STRICT_OBJC_MSGSEND = YES;
				ENABLE_TESTABILITY = YES;
				ENABLE_USER_SCRIPT_SANDBOXING = YES;
				GCC_C_LANGUAGE_STANDARD = gnu17;
				GCC_DYNAMIC_NO_PIC = NO;
				GCC_NO_COMMON_BLOCKS = YES;
				GCC_OPTIMIZATION_LEVEL = 0;
				GCC_PREPROCESSOR_DEFINITIONS = (
					"DEBUG=1",
					"$(inherited)",
				);
				GCC_WARN_64_TO_32_BIT_CONVERSION = YES;
				GCC_WARN_ABOUT_RETURN_TYPE = YES_ERROR;
				GCC_WARN_UNDECLARED_SELECTOR = YES;
				GCC_WARN_UNINITIALIZED_AUTOS = YES_AGGRESSIVE;
				GCC_WARN_UNUSED_FUNCTION = YES;
				GCC_WARN_UNUSED_VARIABLE = YES;
				IPHONEOS_DEPLOYMENT_TARGET = 17.0;
				LOCALIZATION_PREFERS_STRING_CATALOGS = YES;
				MTL_ENABLE_DEBUG_INFO = INCLUDE_SOURCE;
				MTL_FAST_MATH = YES;
				ONLY_ACTIVE_ARCH = YES;
				SDKROOT = iphoneos;
				SWIFT_ACTIVE_COMPILATION_CONDITIONS = "DEBUG $(inherited)";
				SWIFT_OPTIMIZATION_LEVEL = "-Onone";
			};
			name = Debug;
		};
		40E016FA2C1E9E8B00AC6461 /* Release */ = {
			isa = XCBuildConfiguration;
			buildSettings = {
				ALWAYS_SEARCH_USER_PATHS = NO;
				ASSETCATALOG_COMPILER_GENERATE_SWIFT_ASSET_SYMBOL_EXTENSIONS = YES;
				CLANG_ANALYZER_NONNULL = YES;
				CLANG_ANALYZER_NUMBER_OBJECT_CONVERSION = YES_AGGRESSIVE;
				CLANG_CXX_LANGUAGE_STANDARD = "gnu++20";
				CLANG_ENABLE_MODULES = YES;
				CLANG_ENABLE_OBJC_ARC = YES;
				CLANG_ENABLE_OBJC_WEAK = YES;
				CLANG_WARN_BLOCK_CAPTURE_AUTORELEASING = YES;
				CLANG_WARN_BOOL_CONVERSION = YES;
				CLANG_WARN_COMMA = YES;
				CLANG_WARN_CONSTANT_CONVERSION = YES;
				CLANG_WARN_DEPRECATED_OBJC_IMPLEMENTATIONS = YES;
				CLANG_WARN_DIRECT_OBJC_ISA_USAGE = YES_ERROR;
				CLANG_WARN_DOCUMENTATION_COMMENTS = YES;
				CLANG_WARN_EMPTY_BODY = YES;
				CLANG_WARN_ENUM_CONVERSION = YES;
				CLANG_WARN_INFINITE_RECURSION = YES;
				CLANG_WARN_INT_CONVERSION = YES;
				CLANG_WARN_NON_LITERAL_NULL_CONVERSION = YES;
				CLANG_WARN_OBJC_IMPLICIT_RETAIN_SELF = YES;
				CLANG_WARN_OBJC_LITERAL_CONVERSION = YES;
				CLANG_WARN_OBJC_ROOT_CLASS = YES_ERROR;
				CLANG_WARN_QUOTED_INCLUDE_IN_FRAMEWORK_HEADER = YES;
				CLANG_WARN_RANGE_LOOP_ANALYSIS = YES;
				CLANG_WARN_STRICT_PROTOTYPES = YES;
				CLANG_WARN_SUSPICIOUS_MOVE = YES;
				CLANG_WARN_UNGUARDED_AVAILABILITY = YES_AGGRESSIVE;
				CLANG_WARN_UNREACHABLE_CODE = YES;
				CLANG_WARN__DUPLICATE_METHOD_MATCH = YES;
				COPY_PHASE_STRIP = NO;
				DEBUG_INFORMATION_FORMAT = "dwarf-with-dsym";
				ENABLE_NS_ASSERTIONS = NO;
				ENABLE_STRICT_OBJC_MSGSEND = YES;
				ENABLE_USER_SCRIPT_SANDBOXING = YES;
				GCC_C_LANGUAGE_STANDARD = gnu17;
				GCC_NO_COMMON_BLOCKS = YES;
				GCC_WARN_64_TO_32_BIT_CONVERSION = YES;
				GCC_WARN_ABOUT_RETURN_TYPE = YES_ERROR;
				GCC_WARN_UNDECLARED_SELECTOR = YES;
				GCC_WARN_UNINITIALIZED_AUTOS = YES_AGGRESSIVE;
				GCC_WARN_UNUSED_FUNCTION = YES;
				GCC_WARN_UNUSED_VARIABLE = YES;
				IPHONEOS_DEPLOYMENT_TARGET = 17.0;
				LOCALIZATION_PREFERS_STRING_CATALOGS = YES;
				MTL_ENABLE_DEBUG_INFO = NO;
				MTL_FAST_MATH = YES;
				SDKROOT = iphoneos;
				SWIFT_COMPILATION_MODE = wholemodule;
				VALIDATE_PRODUCT = YES;
			};
			name = Release;
		};
		40E016FC2C1E9E8B00AC6461 /* Debug */ = {
			isa = XCBuildConfiguration;
			buildSettings = {
				ASSETCATALOG_COMPILER_APPICON_NAME = AppIcon;
				ASSETCATALOG_COMPILER_GLOBAL_ACCENT_COLOR_NAME = AccentColor;
				CODE_SIGN_STYLE = Automatic;
				CURRENT_PROJECT_VERSION = 1;
				DEVELOPMENT_TEAM = TQVU5V45MT;
				GENERATE_INFOPLIST_FILE = YES;
				INFOPLIST_FILE = "Netflix Clone/Info.plist";
				INFOPLIST_KEY_UIApplicationSupportsIndirectInputEvents = YES;
				INFOPLIST_KEY_UILaunchStoryboardName = LaunchScreen;
				INFOPLIST_KEY_UISupportedInterfaceOrientations_iPad = "UIInterfaceOrientationPortrait UIInterfaceOrientationPortraitUpsideDown UIInterfaceOrientationLandscapeLeft UIInterfaceOrientationLandscapeRight";
				INFOPLIST_KEY_UISupportedInterfaceOrientations_iPhone = "UIInterfaceOrientationPortrait UIInterfaceOrientationLandscapeLeft UIInterfaceOrientationLandscapeRight";
				LD_RUNPATH_SEARCH_PATHS = (
					"$(inherited)",
					"@executable_path/Frameworks",
				);
				MARKETING_VERSION = 1.0;
				PRODUCT_BUNDLE_IDENTIFIER = "com.nurbol.Netflix-Clone";
				PRODUCT_NAME = "$(TARGET_NAME)";
				SWIFT_EMIT_LOC_STRINGS = YES;
				SWIFT_VERSION = 5.0;
				TARGETED_DEVICE_FAMILY = "1,2";
			};
			name = Debug;
		};
		40E016FD2C1E9E8B00AC6461 /* Release */ = {
			isa = XCBuildConfiguration;
			buildSettings = {
				ASSETCATALOG_COMPILER_APPICON_NAME = AppIcon;
				ASSETCATALOG_COMPILER_GLOBAL_ACCENT_COLOR_NAME = AccentColor;
				CODE_SIGN_STYLE = Automatic;
				CURRENT_PROJECT_VERSION = 1;
				DEVELOPMENT_TEAM = TQVU5V45MT;
				GENERATE_INFOPLIST_FILE = YES;
				INFOPLIST_FILE = "Netflix Clone/Info.plist";
				INFOPLIST_KEY_UIApplicationSupportsIndirectInputEvents = YES;
				INFOPLIST_KEY_UILaunchStoryboardName = LaunchScreen;
				INFOPLIST_KEY_UISupportedInterfaceOrientations_iPad = "UIInterfaceOrientationPortrait UIInterfaceOrientationPortraitUpsideDown UIInterfaceOrientationLandscapeLeft UIInterfaceOrientationLandscapeRight";
				INFOPLIST_KEY_UISupportedInterfaceOrientations_iPhone = "UIInterfaceOrientationPortrait UIInterfaceOrientationLandscapeLeft UIInterfaceOrientationLandscapeRight";
				LD_RUNPATH_SEARCH_PATHS = (
					"$(inherited)",
					"@executable_path/Frameworks",
				);
				MARKETING_VERSION = 1.0;
				PRODUCT_BUNDLE_IDENTIFIER = "com.nurbol.Netflix-Clone";
				PRODUCT_NAME = "$(TARGET_NAME)";
				SWIFT_EMIT_LOC_STRINGS = YES;
				SWIFT_VERSION = 5.0;
				TARGETED_DEVICE_FAMILY = "1,2";
			};
			name = Release;
		};
/* End XCBuildConfiguration section */

/* Begin XCConfigurationList section */
		40E016E22C1E9E8A00AC6461 /* Build configuration list for PBXProject "Netflix Clone" */ = {
			isa = XCConfigurationList;
			buildConfigurations = (
				40E016F92C1E9E8B00AC6461 /* Debug */,
				40E016FA2C1E9E8B00AC6461 /* Release */,
			);
			defaultConfigurationIsVisible = 0;
			defaultConfigurationName = Release;
		};
		40E016FB2C1E9E8B00AC6461 /* Build configuration list for PBXNativeTarget "Netflix Clone" */ = {
			isa = XCConfigurationList;
			buildConfigurations = (
				40E016FC2C1E9E8B00AC6461 /* Debug */,
				40E016FD2C1E9E8B00AC6461 /* Release */,
			);
			defaultConfigurationIsVisible = 0;
			defaultConfigurationName = Release;
		};
/* End XCConfigurationList section */

/* Begin XCRemoteSwiftPackageReference section */
		40E0171E2C20278000AC6461 /* XCRemoteSwiftPackageReference "SDWebImage" */ = {
			isa = XCRemoteSwiftPackageReference;
			repositoryURL = "https://github.com/SDWebImage/SDWebImage.git";
			requirement = {
				kind = upToNextMajorVersion;
				minimumVersion = 5.19.3;
			};
		};
/* End XCRemoteSwiftPackageReference section */

/* Begin XCSwiftPackageProductDependency section */
		40E0171F2C20278000AC6461 /* SDWebImage */ = {
			isa = XCSwiftPackageProductDependency;
			package = 40E0171E2C20278000AC6461 /* XCRemoteSwiftPackageReference "SDWebImage" */;
			productName = SDWebImage;
		};
		40E017212C20278000AC6461 /* SDWebImageMapKit */ = {
			isa = XCSwiftPackageProductDependency;
			package = 40E0171E2C20278000AC6461 /* XCRemoteSwiftPackageReference "SDWebImage" */;
			productName = SDWebImageMapKit;
		};
/* End XCSwiftPackageProductDependency section */

/* Begin XCVersionGroup section */
		40E8AA862C22E93300F4384B /* NetflixCloneModel.xcdatamodeld */ = {
			isa = XCVersionGroup;
			children = (
				40E8AA872C22E93300F4384B /* NetflixCloneModel.xcdatamodel */,
			);
			currentVersion = 40E8AA872C22E93300F4384B /* NetflixCloneModel.xcdatamodel */;
			name = NetflixCloneModel.xcdatamodeld;
			path = ../NetflixCloneModel.xcdatamodeld;
			sourceTree = "<group>";
			versionGroupType = wrapper.xcdatamodel;
		};
/* End XCVersionGroup section */
	};
	rootObject = 40E016DF2C1E9E8A00AC6461 /* Project object */;
}
